{
  "name": "stable_ccmpoa",
  "lockfileVersion": 2,
  "requires": true,
  "packages": {
    "": {
      "dependencies": {
        "@creativebulma/bulma-tooltip": "^1.2.0",
        "bulma-toast": "^2.4.1",
        "intro.js": "^6.0.0"
      }
    },
    "node_modules/@creativebulma/bulma-tooltip": {
      "version": "1.2.0",
      "resolved": "https://registry.npmjs.org/@creativebulma/bulma-tooltip/-/bulma-tooltip-1.2.0.tgz",
      "integrity": "sha512-ooImbeXEBxf77cttbzA7X5rC5aAWm9UsXIGViFOnsqB+6M944GkB28S5R4UWRqjFd2iW4zGEkEifAU+q43pt2w=="
    },
    "node_modules/bulma-toast": {
      "version": "2.4.1",
      "resolved": "https://registry.npmjs.org/bulma-toast/-/bulma-toast-2.4.1.tgz",
      "integrity": "sha512-Gwa40dH0gyO3/azJxzFSZD2PKcFlp55HWyPE3gV8gm1WGXyyKrNDCzFlsY8XqxstNRp+xtcdo2L0Y4df+iWNWg=="
    },
    "node_modules/intro.js": {
      "version": "6.0.0",
      "resolved": "https://registry.npmjs.org/intro.js/-/intro.js-6.0.0.tgz",
      "integrity": "sha512-ZUiR6BoLSvPSlLG0boewnWVgji1fE1gBvP/pyw5pgCKXEDQz1mMeUxarggClPNs71UTq364LwSk9zxz17A9gaQ=="
    }
  },
  "dependencies": {
    "@creativebulma/bulma-tooltip": {
      "version": "1.2.0",
      "resolved": "https://registry.npmjs.org/@creativebulma/bulma-tooltip/-/bulma-tooltip-1.2.0.tgz",
      "integrity": "sha512-ooImbeXEBxf77cttbzA7X5rC5aAWm9UsXIGViFOnsqB+6M944GkB28S5R4UWRqjFd2iW4zGEkEifAU+q43pt2w=="
    },
    "bulma-toast": {
      "version": "2.4.1",
      "resolved": "https://registry.npmjs.org/bulma-toast/-/bulma-toast-2.4.1.tgz",
      "integrity": "sha512-Gwa40dH0gyO3/azJxzFSZD2PKcFlp55HWyPE3gV8gm1WGXyyKrNDCzFlsY8XqxstNRp+xtcdo2L0Y4df+iWNWg=="
    },
    "intro.js": {
      "version": "6.0.0",
      "resolved": "https://registry.npmjs.org/intro.js/-/intro.js-6.0.0.tgz",
      "integrity": "sha512-ZUiR6BoLSvPSlLG0boewnWVgji1fE1gBvP/pyw5pgCKXEDQz1mMeUxarggClPNs71UTq364LwSk9zxz17A9gaQ=="
    }
  }
}
